// !$*UTF8*$!
{
	archiveVersion = 1;
	classes = {
	};
	objectVersion = 46;
	objects = {

/* Begin PBXBuildFile section */
		CD4785281CBE628E00DCA1D3 /* PLMenuDetailComboView.swift in Sources */ = {isa = PBXBuildFile; fileRef = CD4785271CBE628E00DCA1D3 /* PLMenuDetailComboView.swift */; };
		CD47852A1CBE62C900DCA1D3 /* PLMenuDetailDescView.swift in Sources */ = {isa = PBXBuildFile; fileRef = CD4785291CBE62C900DCA1D3 /* PLMenuDetailDescView.swift */; };
		CD47852C1CBE655900DCA1D3 /* PLMenuDetailView.swift in Sources */ = {isa = PBXBuildFile; fileRef = CD47852B1CBE655900DCA1D3 /* PLMenuDetailView.swift */; };
		CD72364F1DCA29A900AD3466 /* PLBackdropViewSettingsATVMenuDark.h in Headers */ = {isa = PBXBuildFile; fileRef = CD72364D1DCA29A900AD3466 /* PLBackdropViewSettingsATVMenuDark.h */; settings = {ATTRIBUTES = (Public, ); }; };
		CD7236501DCA29A900AD3466 /* PLBackdropViewSettingsATVMenuDark.m in Sources */ = {isa = PBXBuildFile; fileRef = CD72364E1DCA29A900AD3466 /* PLBackdropViewSettingsATVMenuDark.m */; };
		CD7C4FCA1CBDF5B600D84809 /* PLMenuBar.framework in Frameworks */ = {isa = PBXBuildFile; fileRef = CD8C3CE61CBD39FB000D394F /* PLMenuBar.framework */; };
		CD7C4FCB1CBDF5B600D84809 /* PLMenuBar.framework in Embed Frameworks */ = {isa = PBXBuildFile; fileRef = CD8C3CE61CBD39FB000D394F /* PLMenuBar.framework */; settings = {ATTRIBUTES = (CodeSignOnCopy, RemoveHeadersOnCopy, ); }; };
		CD7C50511CBE1F7B00D84809 /* PLBackdropView.h in Headers */ = {isa = PBXBuildFile; fileRef = CD7C504B1CBE1F7B00D84809 /* PLBackdropView.h */; settings = {ATTRIBUTES = (Public, ); }; };
		CD7C50521CBE1F7B00D84809 /* PLBackdropView.m in Sources */ = {isa = PBXBuildFile; fileRef = CD7C504C1CBE1F7B00D84809 /* PLBackdropView.m */; };
		CD7C50531CBE1F7B00D84809 /* PLBackdropViewSettings.h in Headers */ = {isa = PBXBuildFile; fileRef = CD7C504D1CBE1F7B00D84809 /* PLBackdropViewSettings.h */; settings = {ATTRIBUTES = (Public, ); }; };
		CD7C50541CBE1F7B00D84809 /* PLBackdropViewSettings.m in Sources */ = {isa = PBXBuildFile; fileRef = CD7C504E1CBE1F7B00D84809 /* PLBackdropViewSettings.m */; };
		CD7C50551CBE1F7B00D84809 /* PLBackdropViewSettingsATVMenuLight.h in Headers */ = {isa = PBXBuildFile; fileRef = CD7C504F1CBE1F7B00D84809 /* PLBackdropViewSettingsATVMenuLight.h */; settings = {ATTRIBUTES = (Public, ); }; };
		CD7C50561CBE1F7B00D84809 /* PLBackdropViewSettingsATVMenuLight.m in Sources */ = {isa = PBXBuildFile; fileRef = CD7C50501CBE1F7B00D84809 /* PLBackdropViewSettingsATVMenuLight.m */; };
		CD8C3CEA1CBD39FB000D394F /* PLMenuBar.h in Headers */ = {isa = PBXBuildFile; fileRef = CD8C3CE91CBD39FB000D394F /* PLMenuBar.h */; settings = {ATTRIBUTES = (Public, ); }; };
		CD8C3CF11CBD39FB000D394F /* PLMenuBar.framework in Frameworks */ = {isa = PBXBuildFile; fileRef = CD8C3CE61CBD39FB000D394F /* PLMenuBar.framework */; };
		CD8C3CF61CBD39FB000D394F /* PLMenuBarTests.swift in Sources */ = {isa = PBXBuildFile; fileRef = CD8C3CF51CBD39FB000D394F /* PLMenuBarTests.swift */; };
		CD8C3D071CBD3B24000D394F /* AppDelegate.swift in Sources */ = {isa = PBXBuildFile; fileRef = CD8C3D061CBD3B24000D394F /* AppDelegate.swift */; };
		CD8C3D091CBD3B24000D394F /* ViewController.swift in Sources */ = {isa = PBXBuildFile; fileRef = CD8C3D081CBD3B24000D394F /* ViewController.swift */; };
		CD8C3D0C1CBD3B24000D394F /* Main.storyboard in Resources */ = {isa = PBXBuildFile; fileRef = CD8C3D0A1CBD3B24000D394F /* Main.storyboard */; };
		CD8C3D0E1CBD3B24000D394F /* Assets.xcassets in Resources */ = {isa = PBXBuildFile; fileRef = CD8C3D0D1CBD3B24000D394F /* Assets.xcassets */; };
		CD8C3D141CBD3B95000D394F /* PLMenuBarView.swift in Sources */ = {isa = PBXBuildFile; fileRef = CD8C3D131CBD3B95000D394F /* PLMenuBarView.swift */; };
		CDA34F931CBE9927003AD6F6 /* PLMenuDetailComboSectionView.swift in Sources */ = {isa = PBXBuildFile; fileRef = CDA34F921CBE9927003AD6F6 /* PLMenuDetailComboSectionView.swift */; };
		CDA34F951CBEADAF003AD6F6 /* PLMenuDetailComboRowView.swift in Sources */ = {isa = PBXBuildFile; fileRef = CDA34F941CBEADAF003AD6F6 /* PLMenuDetailComboRowView.swift */; };
		CDA34F981CBEB2E0003AD6F6 /* button-check.png in Resources */ = {isa = PBXBuildFile; fileRef = CDA34F971CBEB2E0003AD6F6 /* button-check.png */; };
/* End PBXBuildFile section */

/* Begin PBXContainerItemProxy section */
		CD8C3CF21CBD39FB000D394F /* PBXContainerItemProxy */ = {
			isa = PBXContainerItemProxy;
			containerPortal = CD8C3CDD1CBD39FB000D394F /* Project object */;
			proxyType = 1;
			remoteGlobalIDString = CD8C3CE51CBD39FB000D394F;
			remoteInfo = PLMenuBar;
		};
		CD8C3D151CBD3C8D000D394F /* PBXContainerItemProxy */ = {
			isa = PBXContainerItemProxy;
			containerPortal = CD8C3CDD1CBD39FB000D394F /* Project object */;
			proxyType = 1;
			remoteGlobalIDString = CD8C3CE51CBD39FB000D394F;
			remoteInfo = PLMenuBar;
		};
/* End PBXContainerItemProxy section */

/* Begin PBXCopyFilesBuildPhase section */
		CD7C4FCC1CBDF5B600D84809 /* Embed Frameworks */ = {
			isa = PBXCopyFilesBuildPhase;
			buildActionMask = 2147483647;
			dstPath = "";
			dstSubfolderSpec = 10;
			files = (
				CD7C4FCB1CBDF5B600D84809 /* PLMenuBar.framework in Embed Frameworks */,
			);
			name = "Embed Frameworks";
			runOnlyForDeploymentPostprocessing = 0;
		};
/* End PBXCopyFilesBuildPhase section */

/* Begin PBXFileReference section */
		CD4785271CBE628E00DCA1D3 /* PLMenuDetailComboView.swift */ = {isa = PBXFileReference; fileEncoding = 4; lastKnownFileType = sourcecode.swift; path = PLMenuDetailComboView.swift; sourceTree = "<group>"; };
		CD4785291CBE62C900DCA1D3 /* PLMenuDetailDescView.swift */ = {isa = PBXFileReference; fileEncoding = 4; lastKnownFileType = sourcecode.swift; path = PLMenuDetailDescView.swift; sourceTree = "<group>"; };
		CD47852B1CBE655900DCA1D3 /* PLMenuDetailView.swift */ = {isa = PBXFileReference; fileEncoding = 4; lastKnownFileType = sourcecode.swift; path = PLMenuDetailView.swift; sourceTree = "<group>"; };
		CD72364D1DCA29A900AD3466 /* PLBackdropViewSettingsATVMenuDark.h */ = {isa = PBXFileReference; fileEncoding = 4; lastKnownFileType = sourcecode.c.h; path = PLBackdropViewSettingsATVMenuDark.h; sourceTree = "<group>"; };
		CD72364E1DCA29A900AD3466 /* PLBackdropViewSettingsATVMenuDark.m */ = {isa = PBXFileReference; fileEncoding = 4; lastKnownFileType = sourcecode.c.objc; path = PLBackdropViewSettingsATVMenuDark.m; sourceTree = "<group>"; };
		CD7C504B1CBE1F7B00D84809 /* PLBackdropView.h */ = {isa = PBXFileReference; fileEncoding = 4; lastKnownFileType = sourcecode.c.h; path = PLBackdropView.h; sourceTree = "<group>"; };
		CD7C504C1CBE1F7B00D84809 /* PLBackdropView.m */ = {isa = PBXFileReference; fileEncoding = 4; lastKnownFileType = sourcecode.c.objc; path = PLBackdropView.m; sourceTree = "<group>"; };
		CD7C504D1CBE1F7B00D84809 /* PLBackdropViewSettings.h */ = {isa = PBXFileReference; fileEncoding = 4; lastKnownFileType = sourcecode.c.h; path = PLBackdropViewSettings.h; sourceTree = "<group>"; };
		CD7C504E1CBE1F7B00D84809 /* PLBackdropViewSettings.m */ = {isa = PBXFileReference; fileEncoding = 4; lastKnownFileType = sourcecode.c.objc; path = PLBackdropViewSettings.m; sourceTree = "<group>"; };
		CD7C504F1CBE1F7B00D84809 /* PLBackdropViewSettingsATVMenuLight.h */ = {isa = PBXFileReference; fileEncoding = 4; lastKnownFileType = sourcecode.c.h; path = PLBackdropViewSettingsATVMenuLight.h; sourceTree = "<group>"; };
		CD7C50501CBE1F7B00D84809 /* PLBackdropViewSettingsATVMenuLight.m */ = {isa = PBXFileReference; fileEncoding = 4; lastKnownFileType = sourcecode.c.objc; path = PLBackdropViewSettingsATVMenuLight.m; sourceTree = "<group>"; };
		CD8C3CE61CBD39FB000D394F /* PLMenuBar.framework */ = {isa = PBXFileReference; explicitFileType = wrapper.framework; includeInIndex = 0; path = PLMenuBar.framework; sourceTree = BUILT_PRODUCTS_DIR; };
		CD8C3CE91CBD39FB000D394F /* PLMenuBar.h */ = {isa = PBXFileReference; lastKnownFileType = sourcecode.c.h; path = PLMenuBar.h; sourceTree = "<group>"; };
		CD8C3CEB1CBD39FB000D394F /* Info.plist */ = {isa = PBXFileReference; lastKnownFileType = text.plist.xml; path = Info.plist; sourceTree = "<group>"; };
		CD8C3CF01CBD39FB000D394F /* PLMenuBarTests.xctest */ = {isa = PBXFileReference; explicitFileType = wrapper.cfbundle; includeInIndex = 0; path = PLMenuBarTests.xctest; sourceTree = BUILT_PRODUCTS_DIR; };
		CD8C3CF51CBD39FB000D394F /* PLMenuBarTests.swift */ = {isa = PBXFileReference; lastKnownFileType = sourcecode.swift; path = PLMenuBarTests.swift; sourceTree = "<group>"; };
		CD8C3CF71CBD39FB000D394F /* Info.plist */ = {isa = PBXFileReference; lastKnownFileType = text.plist.xml; path = Info.plist; sourceTree = "<group>"; };
		CD8C3D041CBD3B24000D394F /* PLMenuDemo.app */ = {isa = PBXFileReference; explicitFileType = wrapper.application; includeInIndex = 0; path = PLMenuDemo.app; sourceTree = BUILT_PRODUCTS_DIR; };
		CD8C3D061CBD3B24000D394F /* AppDelegate.swift */ = {isa = PBXFileReference; lastKnownFileType = sourcecode.swift; path = AppDelegate.swift; sourceTree = "<group>"; };
		CD8C3D081CBD3B24000D394F /* ViewController.swift */ = {isa = PBXFileReference; lastKnownFileType = sourcecode.swift; path = ViewController.swift; sourceTree = "<group>"; };
		CD8C3D0B1CBD3B24000D394F /* Base */ = {isa = PBXFileReference; lastKnownFileType = file.storyboard; name = Base; path = Base.lproj/Main.storyboard; sourceTree = "<group>"; };
		CD8C3D0D1CBD3B24000D394F /* Assets.xcassets */ = {isa = PBXFileReference; lastKnownFileType = folder.assetcatalog; path = Assets.xcassets; sourceTree = "<group>"; };
		CD8C3D0F1CBD3B24000D394F /* Info.plist */ = {isa = PBXFileReference; lastKnownFileType = text.plist.xml; path = Info.plist; sourceTree = "<group>"; };
		CD8C3D131CBD3B95000D394F /* PLMenuBarView.swift */ = {isa = PBXFileReference; fileEncoding = 4; lastKnownFileType = sourcecode.swift; path = PLMenuBarView.swift; sourceTree = "<group>"; };
		CDA34F921CBE9927003AD6F6 /* PLMenuDetailComboSectionView.swift */ = {isa = PBXFileReference; fileEncoding = 4; lastKnownFileType = sourcecode.swift; path = PLMenuDetailComboSectionView.swift; sourceTree = "<group>"; };
		CDA34F941CBEADAF003AD6F6 /* PLMenuDetailComboRowView.swift */ = {isa = PBXFileReference; fileEncoding = 4; lastKnownFileType = sourcecode.swift; path = PLMenuDetailComboRowView.swift; sourceTree = "<group>"; };
		CDA34F971CBEB2E0003AD6F6 /* button-check.png */ = {isa = PBXFileReference; lastKnownFileType = image.png; path = "button-check.png"; sourceTree = "<group>"; };
/* End PBXFileReference section */

/* Begin PBXFrameworksBuildPhase section */
		CD8C3CE21CBD39FB000D394F /* Frameworks */ = {
			isa = PBXFrameworksBuildPhase;
			buildActionMask = 2147483647;
			files = (
			);
			runOnlyForDeploymentPostprocessing = 0;
		};
		CD8C3CED1CBD39FB000D394F /* Frameworks */ = {
			isa = PBXFrameworksBuildPhase;
			buildActionMask = 2147483647;
			files = (
				CD8C3CF11CBD39FB000D394F /* PLMenuBar.framework in Frameworks */,
			);
			runOnlyForDeploymentPostprocessing = 0;
		};
		CD8C3D011CBD3B24000D394F /* Frameworks */ = {
			isa = PBXFrameworksBuildPhase;
			buildActionMask = 2147483647;
			files = (
				CD7C4FCA1CBDF5B600D84809 /* PLMenuBar.framework in Frameworks */,
			);
			runOnlyForDeploymentPostprocessing = 0;
		};
/* End PBXFrameworksBuildPhase section */

/* Begin PBXGroup section */
		CD7C504A1CBE1F7B00D84809 /* PLBackdropView */ = {
			isa = PBXGroup;
			children = (
				CD7C504B1CBE1F7B00D84809 /* PLBackdropView.h */,
				CD7C504C1CBE1F7B00D84809 /* PLBackdropView.m */,
				CD7C504D1CBE1F7B00D84809 /* PLBackdropViewSettings.h */,
				CD7C504E1CBE1F7B00D84809 /* PLBackdropViewSettings.m */,
				CD7C504F1CBE1F7B00D84809 /* PLBackdropViewSettingsATVMenuLight.h */,
				CD7C50501CBE1F7B00D84809 /* PLBackdropViewSettingsATVMenuLight.m */,
				CD72364D1DCA29A900AD3466 /* PLBackdropViewSettingsATVMenuDark.h */,
				CD72364E1DCA29A900AD3466 /* PLBackdropViewSettingsATVMenuDark.m */,
			);
			path = PLBackdropView;
			sourceTree = "<group>";
		};
		CD8C3CDC1CBD39FB000D394F = {
			isa = PBXGroup;
			children = (
				CD8C3CE81CBD39FB000D394F /* PLMenuBar */,
				CD8C3CF41CBD39FB000D394F /* PLMenuBarTests */,
				CD8C3D051CBD3B24000D394F /* PLMenuDemo */,
				CD8C3CE71CBD39FB000D394F /* Products */,
			);
			sourceTree = "<group>";
		};
		CD8C3CE71CBD39FB000D394F /* Products */ = {
			isa = PBXGroup;
			children = (
				CD8C3CE61CBD39FB000D394F /* PLMenuBar.framework */,
				CD8C3CF01CBD39FB000D394F /* PLMenuBarTests.xctest */,
				CD8C3D041CBD3B24000D394F /* PLMenuDemo.app */,
			);
			name = Products;
			sourceTree = "<group>";
		};
		CD8C3CE81CBD39FB000D394F /* PLMenuBar */ = {
			isa = PBXGroup;
			children = (
				CDA34F961CBEB2E0003AD6F6 /* Resources */,
				CD7C504A1CBE1F7B00D84809 /* PLBackdropView */,
				CD8C3CE91CBD39FB000D394F /* PLMenuBar.h */,
				CD8C3CEB1CBD39FB000D394F /* Info.plist */,
				CD8C3D131CBD3B95000D394F /* PLMenuBarView.swift */,
				CDA34F941CBEADAF003AD6F6 /* PLMenuDetailComboRowView.swift */,
				CDA34F921CBE9927003AD6F6 /* PLMenuDetailComboSectionView.swift */,
				CD4785271CBE628E00DCA1D3 /* PLMenuDetailComboView.swift */,
				CD4785291CBE62C900DCA1D3 /* PLMenuDetailDescView.swift */,
				CD47852B1CBE655900DCA1D3 /* PLMenuDetailView.swift */,
			);
			path = PLMenuBar;
			sourceTree = "<group>";
		};
		CD8C3CF41CBD39FB000D394F /* PLMenuBarTests */ = {
			isa = PBXGroup;
			children = (
				CD8C3CF51CBD39FB000D394F /* PLMenuBarTests.swift */,
				CD8C3CF71CBD39FB000D394F /* Info.plist */,
			);
			path = PLMenuBarTests;
			sourceTree = "<group>";
		};
		CD8C3D051CBD3B24000D394F /* PLMenuDemo */ = {
			isa = PBXGroup;
			children = (
				CD8C3D061CBD3B24000D394F /* AppDelegate.swift */,
				CD8C3D081CBD3B24000D394F /* ViewController.swift */,
				CD8C3D0A1CBD3B24000D394F /* Main.storyboard */,
				CD8C3D0D1CBD3B24000D394F /* Assets.xcassets */,
				CD8C3D0F1CBD3B24000D394F /* Info.plist */,
			);
			path = PLMenuDemo;
			sourceTree = "<group>";
		};
		CDA34F961CBEB2E0003AD6F6 /* Resources */ = {
			isa = PBXGroup;
			children = (
				CDA34F971CBEB2E0003AD6F6 /* button-check.png */,
			);
			path = Resources;
			sourceTree = "<group>";
		};
/* End PBXGroup section */

/* Begin PBXHeadersBuildPhase section */
		CD8C3CE31CBD39FB000D394F /* Headers */ = {
			isa = PBXHeadersBuildPhase;
			buildActionMask = 2147483647;
			files = (
				CD72364F1DCA29A900AD3466 /* PLBackdropViewSettingsATVMenuDark.h in Headers */,
				CD7C50551CBE1F7B00D84809 /* PLBackdropViewSettingsATVMenuLight.h in Headers */,
				CD8C3CEA1CBD39FB000D394F /* PLMenuBar.h in Headers */,
				CD7C50511CBE1F7B00D84809 /* PLBackdropView.h in Headers */,
				CD7C50531CBE1F7B00D84809 /* PLBackdropViewSettings.h in Headers */,
			);
			runOnlyForDeploymentPostprocessing = 0;
		};
/* End PBXHeadersBuildPhase section */

/* Begin PBXNativeTarget section */
		CD8C3CE51CBD39FB000D394F /* PLMenuBar */ = {
			isa = PBXNativeTarget;
			buildConfigurationList = CD8C3CFA1CBD39FB000D394F /* Build configuration list for PBXNativeTarget "PLMenuBar" */;
			buildPhases = (
				CD8C3CE11CBD39FB000D394F /* Sources */,
				CD8C3CE21CBD39FB000D394F /* Frameworks */,
				CD8C3CE31CBD39FB000D394F /* Headers */,
				CD8C3CE41CBD39FB000D394F /* Resources */,
			);
			buildRules = (
			);
			dependencies = (
			);
			name = PLMenuBar;
			productName = PLMenuBar;
			productReference = CD8C3CE61CBD39FB000D394F /* PLMenuBar.framework */;
			productType = "com.apple.product-type.framework";
		};
		CD8C3CEF1CBD39FB000D394F /* PLMenuBarTests */ = {
			isa = PBXNativeTarget;
			buildConfigurationList = CD8C3CFD1CBD39FB000D394F /* Build configuration list for PBXNativeTarget "PLMenuBarTests" */;
			buildPhases = (
				CD8C3CEC1CBD39FB000D394F /* Sources */,
				CD8C3CED1CBD39FB000D394F /* Frameworks */,
				CD8C3CEE1CBD39FB000D394F /* Resources */,
			);
			buildRules = (
			);
			dependencies = (
				CD8C3CF31CBD39FB000D394F /* PBXTargetDependency */,
			);
			name = PLMenuBarTests;
			productName = PLMenuBarTests;
			productReference = CD8C3CF01CBD39FB000D394F /* PLMenuBarTests.xctest */;
			productType = "com.apple.product-type.bundle.unit-test";
		};
		CD8C3D031CBD3B24000D394F /* PLMenuDemo */ = {
			isa = PBXNativeTarget;
			buildConfigurationList = CD8C3D101CBD3B24000D394F /* Build configuration list for PBXNativeTarget "PLMenuDemo" */;
			buildPhases = (
				CD8C3D001CBD3B24000D394F /* Sources */,
				CD8C3D011CBD3B24000D394F /* Frameworks */,
				CD8C3D021CBD3B24000D394F /* Resources */,
				CD7C4FCC1CBDF5B600D84809 /* Embed Frameworks */,
			);
			buildRules = (
			);
			dependencies = (
				CD8C3D161CBD3C8D000D394F /* PBXTargetDependency */,
			);
			name = PLMenuDemo;
			productName = PLMenuDemo;
			productReference = CD8C3D041CBD3B24000D394F /* PLMenuDemo.app */;
			productType = "com.apple.product-type.application";
		};
/* End PBXNativeTarget section */

/* Begin PBXProject section */
		CD8C3CDD1CBD39FB000D394F /* Project object */ = {
			isa = PBXProject;
			attributes = {
				LastSwiftUpdateCheck = 0720;
				LastUpgradeCheck = 0810;
				ORGANIZATIONNAME = "Patrick Lin";
				TargetAttributes = {
					CD8C3CE51CBD39FB000D394F = {
						CreatedOnToolsVersion = 7.2.1;
						LastSwiftMigration = 0810;
					};
					CD8C3CEF1CBD39FB000D394F = {
						CreatedOnToolsVersion = 7.2.1;
					};
					CD8C3D031CBD3B24000D394F = {
						CreatedOnToolsVersion = 7.2.1;
						LastSwiftMigration = 0810;
					};
				};
			};
			buildConfigurationList = CD8C3CE01CBD39FB000D394F /* Build configuration list for PBXProject "PLMenuBar" */;
			compatibilityVersion = "Xcode 3.2";
			developmentRegion = English;
			hasScannedForEncodings = 0;
			knownRegions = (
				en,
				Base,
			);
			mainGroup = CD8C3CDC1CBD39FB000D394F;
			productRefGroup = CD8C3CE71CBD39FB000D394F /* Products */;
			projectDirPath = "";
			projectRoot = "";
			targets = (
				CD8C3CE51CBD39FB000D394F /* PLMenuBar */,
				CD8C3CEF1CBD39FB000D394F /* PLMenuBarTests */,
				CD8C3D031CBD3B24000D394F /* PLMenuDemo */,
			);
		};
/* End PBXProject section */

/* Begin PBXResourcesBuildPhase section */
		CD8C3CE41CBD39FB000D394F /* Resources */ = {
			isa = PBXResourcesBuildPhase;
			buildActionMask = 2147483647;
			files = (
				CDA34F981CBEB2E0003AD6F6 /* button-check.png in Resources */,
			);
			runOnlyForDeploymentPostprocessing = 0;
		};
		CD8C3CEE1CBD39FB000D394F /* Resources */ = {
			isa = PBXResourcesBuildPhase;
			buildActionMask = 2147483647;
			files = (
			);
			runOnlyForDeploymentPostprocessing = 0;
		};
		CD8C3D021CBD3B24000D394F /* Resources */ = {
			isa = PBXResourcesBuildPhase;
			buildActionMask = 2147483647;
			files = (
				CD8C3D0E1CBD3B24000D394F /* Assets.xcassets in Resources */,
				CD8C3D0C1CBD3B24000D394F /* Main.storyboard in Resources */,
			);
			runOnlyForDeploymentPostprocessing = 0;
		};
/* End PBXResourcesBuildPhase section */

/* Begin PBXSourcesBuildPhase section */
		CD8C3CE11CBD39FB000D394F /* Sources */ = {
			isa = PBXSourcesBuildPhase;
			buildActionMask = 2147483647;
			files = (
				CDA34F951CBEADAF003AD6F6 /* PLMenuDetailComboRowView.swift in Sources */,
				CD7C50541CBE1F7B00D84809 /* PLBackdropViewSettings.m in Sources */,
				CD47852A1CBE62C900DCA1D3 /* PLMenuDetailDescView.swift in Sources */,
				CD7C50561CBE1F7B00D84809 /* PLBackdropViewSettingsATVMenuLight.m in Sources */,
				CD7236501DCA29A900AD3466 /* PLBackdropViewSettingsATVMenuDark.m in Sources */,
				CD7C50521CBE1F7B00D84809 /* PLBackdropView.m in Sources */,
				CD47852C1CBE655900DCA1D3 /* PLMenuDetailView.swift in Sources */,
				CDA34F931CBE9927003AD6F6 /* PLMenuDetailComboSectionView.swift in Sources */,
				CD8C3D141CBD3B95000D394F /* PLMenuBarView.swift in Sources */,
				CD4785281CBE628E00DCA1D3 /* PLMenuDetailComboView.swift in Sources */,
			);
			runOnlyForDeploymentPostprocessing = 0;
		};
		CD8C3CEC1CBD39FB000D394F /* Sources */ = {
			isa = PBXSourcesBuildPhase;
			buildActionMask = 2147483647;
			files = (
				CD8C3CF61CBD39FB000D394F /* PLMenuBarTests.swift in Sources */,
			);
			runOnlyForDeploymentPostprocessing = 0;
		};
		CD8C3D001CBD3B24000D394F /* Sources */ = {
			isa = PBXSourcesBuildPhase;
			buildActionMask = 2147483647;
			files = (
				CD8C3D091CBD3B24000D394F /* ViewController.swift in Sources */,
				CD8C3D071CBD3B24000D394F /* AppDelegate.swift in Sources */,
			);
			runOnlyForDeploymentPostprocessing = 0;
		};
/* End PBXSourcesBuildPhase section */

/* Begin PBXTargetDependency section */
		CD8C3CF31CBD39FB000D394F /* PBXTargetDependency */ = {
			isa = PBXTargetDependency;
			target = CD8C3CE51CBD39FB000D394F /* PLMenuBar */;
			targetProxy = CD8C3CF21CBD39FB000D394F /* PBXContainerItemProxy */;
		};
		CD8C3D161CBD3C8D000D394F /* PBXTargetDependency */ = {
			isa = PBXTargetDependency;
			target = CD8C3CE51CBD39FB000D394F /* PLMenuBar */;
			targetProxy = CD8C3D151CBD3C8D000D394F /* PBXContainerItemProxy */;
		};
/* End PBXTargetDependency section */

/* Begin PBXVariantGroup section */
		CD8C3D0A1CBD3B24000D394F /* Main.storyboard */ = {
			isa = PBXVariantGroup;
			children = (
				CD8C3D0B1CBD3B24000D394F /* Base */,
			);
			name = Main.storyboard;
			sourceTree = "<group>";
		};
/* End PBXVariantGroup section */

/* Begin XCBuildConfiguration section */
		CD8C3CF81CBD39FB000D394F /* Debug */ = {
			isa = XCBuildConfiguration;
			buildSettings = {
				ALWAYS_SEARCH_USER_PATHS = NO;
				CLANG_CXX_LANGUAGE_STANDARD = "gnu++0x";
				CLANG_CXX_LIBRARY = "libc++";
				CLANG_ENABLE_MODULES = YES;
				CLANG_ENABLE_OBJC_ARC = YES;
				CLANG_WARN_BOOL_CONVERSION = YES;
				CLANG_WARN_CONSTANT_CONVERSION = YES;
				CLANG_WARN_DIRECT_OBJC_ISA_USAGE = YES_ERROR;
				CLANG_WARN_EMPTY_BODY = YES;
				CLANG_WARN_ENUM_CONVERSION = YES;
				CLANG_WARN_INFINITE_RECURSION = YES;
				CLANG_WARN_INT_CONVERSION = YES;
				CLANG_WARN_OBJC_ROOT_CLASS = YES_ERROR;
				CLANG_WARN_SUSPICIOUS_MOVE = YES;
				CLANG_WARN_UNREACHABLE_CODE = YES;
				CLANG_WARN__DUPLICATE_METHOD_MATCH = YES;
				COPY_PHASE_STRIP = NO;
				CURRENT_PROJECT_VERSION = 1;
				DEBUG_INFORMATION_FORMAT = dwarf;
				ENABLE_STRICT_OBJC_MSGSEND = YES;
				ENABLE_TESTABILITY = YES;
				GCC_C_LANGUAGE_STANDARD = gnu99;
				GCC_DYNAMIC_NO_PIC = NO;
				GCC_NO_COMMON_BLOCKS = YES;
				GCC_OPTIMIZATION_LEVEL = 0;
				GCC_PREPROCESSOR_DEFINITIONS = (
					"DEBUG=1",
					"$(inherited)",
				);
				GCC_WARN_64_TO_32_BIT_CONVERSION = YES;
				GCC_WARN_ABOUT_RETURN_TYPE = YES_ERROR;
				GCC_WARN_UNDECLARED_SELECTOR = YES;
				GCC_WARN_UNINITIALIZED_AUTOS = YES_AGGRESSIVE;
				GCC_WARN_UNUSED_FUNCTION = YES;
				GCC_WARN_UNUSED_VARIABLE = YES;
				MTL_ENABLE_DEBUG_INFO = YES;
				ONLY_ACTIVE_ARCH = YES;
				SDKROOT = appletvos;
				SWIFT_OPTIMIZATION_LEVEL = "-Onone";
				TARGETED_DEVICE_FAMILY = 3;
				TVOS_DEPLOYMENT_TARGET = 9.1;
				VERSIONING_SYSTEM = "apple-generic";
				VERSION_INFO_PREFIX = "";
			};
			name = Debug;
		};
		CD8C3CF91CBD39FB000D394F /* Release */ = {
			isa = XCBuildConfiguration;
			buildSettings = {
				ALWAYS_SEARCH_USER_PATHS = NO;
				CLANG_CXX_LANGUAGE_STANDARD = "gnu++0x";
				CLANG_CXX_LIBRARY = "libc++";
				CLANG_ENABLE_MODULES = YES;
				CLANG_ENABLE_OBJC_ARC = YES;
				CLANG_WARN_BOOL_CONVERSION = YES;
				CLANG_WARN_CONSTANT_CONVERSION = YES;
				CLANG_WARN_DIRECT_OBJC_ISA_USAGE = YES_ERROR;
				CLANG_WARN_EMPTY_BODY = YES;
				CLANG_WARN_ENUM_CONVERSION = YES;
				CLANG_WARN_INFINITE_RECURSION = YES;
				CLANG_WARN_INT_CONVERSION = YES;
				CLANG_WARN_OBJC_ROOT_CLASS = YES_ERROR;
				CLANG_WARN_SUSPICIOUS_MOVE = YES;
				CLANG_WARN_UNREACHABLE_CODE = YES;
				CLANG_WARN__DUPLICATE_METHOD_MATCH = YES;
				COPY_PHASE_STRIP = NO;
				CURRENT_PROJECT_VERSION = 1;
				DEBUG_INFORMATION_FORMAT = "dwarf-with-dsym";
				ENABLE_NS_ASSERTIONS = NO;
				ENABLE_STRICT_OBJC_MSGSEND = YES;
				GCC_C_LANGUAGE_STANDARD = gnu99;
				GCC_NO_COMMON_BLOCKS = YES;
				GCC_WARN_64_TO_32_BIT_CONVERSION = YES;
				GCC_WARN_ABOUT_RETURN_TYPE = YES_ERROR;
				GCC_WARN_UNDECLARED_SELECTOR = YES;
				GCC_WARN_UNINITIALIZED_AUTOS = YES_AGGRESSIVE;
				GCC_WARN_UNUSED_FUNCTION = YES;
				GCC_WARN_UNUSED_VARIABLE = YES;
				MTL_ENABLE_DEBUG_INFO = NO;
				SDKROOT = appletvos;
				SWIFT_OPTIMIZATION_LEVEL = "-Owholemodule";
				TARGETED_DEVICE_FAMILY = 3;
				TVOS_DEPLOYMENT_TARGET = 9.1;
				VALIDATE_PRODUCT = YES;
				VERSIONING_SYSTEM = "apple-generic";
				VERSION_INFO_PREFIX = "";
			};
			name = Release;
		};
		CD8C3CFB1CBD39FB000D394F /* Debug */ = {
			isa = XCBuildConfiguration;
			buildSettings = {
				CLANG_ENABLE_MODULES = YES;
				"CODE_SIGN_IDENTITY[sdk=appletvos*]" = "";
				DEFINES_MODULE = YES;
				DYLIB_COMPATIBILITY_VERSION = 1;
				DYLIB_CURRENT_VERSION = 1;
				DYLIB_INSTALL_NAME_BASE = "@rpath";
				INFOPLIST_FILE = PLMenuBar/Info.plist;
				INSTALL_PATH = "$(LOCAL_LIBRARY_DIR)/Frameworks";
				LD_RUNPATH_SEARCH_PATHS = "$(inherited) @executable_path/Frameworks @loader_path/Frameworks";
				PRODUCT_BUNDLE_IDENTIFIER = com.storeboot.PLMenuBar;
				PRODUCT_NAME = "$(TARGET_NAME)";
				SKIP_INSTALL = YES;
				SWIFT_OPTIMIZATION_LEVEL = "-Onone";
				SWIFT_VERSION = 3.0;
			};
			name = Debug;
		};
		CD8C3CFC1CBD39FB000D394F /* Release */ = {
			isa = XCBuildConfiguration;
			buildSettings = {
				CLANG_ENABLE_MODULES = YES;
				"CODE_SIGN_IDENTITY[sdk=appletvos*]" = "";
				DEFINES_MODULE = YES;
				DYLIB_COMPATIBILITY_VERSION = 1;
				DYLIB_CURRENT_VERSION = 1;
				DYLIB_INSTALL_NAME_BASE = "@rpath";
				INFOPLIST_FILE = PLMenuBar/Info.plist;
				INSTALL_PATH = "$(LOCAL_LIBRARY_DIR)/Frameworks";
				LD_RUNPATH_SEARCH_PATHS = "$(inherited) @executable_path/Frameworks @loader_path/Frameworks";
				PRODUCT_BUNDLE_IDENTIFIER = com.storeboot.PLMenuBar;
				PRODUCT_NAME = "$(TARGET_NAME)";
				SKIP_INSTALL = YES;
				SWIFT_VERSION = 3.0;
			};
			name = Release;
		};
		CD8C3CFE1CBD39FB000D394F /* Debug */ = {
			isa = XCBuildConfiguration;
			buildSettings = {
				INFOPLIST_FILE = PLMenuBarTests/Info.plist;
				LD_RUNPATH_SEARCH_PATHS = "$(inherited) @executable_path/Frameworks @loader_path/Frameworks";
				PRODUCT_BUNDLE_IDENTIFIER = com.storeboot.PLMenuBarTests;
				PRODUCT_NAME = "$(TARGET_NAME)";
			};
			name = Debug;
		};
		CD8C3CFF1CBD39FB000D394F /* Release */ = {
			isa = XCBuildConfiguration;
			buildSettings = {
				INFOPLIST_FILE = PLMenuBarTests/Info.plist;
				LD_RUNPATH_SEARCH_PATHS = "$(inherited) @executable_path/Frameworks @loader_path/Frameworks";
				PRODUCT_BUNDLE_IDENTIFIER = com.storeboot.PLMenuBarTests;
				PRODUCT_NAME = "$(TARGET_NAME)";
			};
			name = Release;
		};
		CD8C3D111CBD3B24000D394F /* Debug */ = {
			isa = XCBuildConfiguration;
			buildSettings = {
				ALWAYS_EMBED_SWIFT_STANDARD_LIBRARIES = YES;
				ASSETCATALOG_COMPILER_APPICON_NAME = "App Icon & Top Shelf Image";
				ASSETCATALOG_COMPILER_LAUNCHIMAGE_NAME = LaunchImage;
				INFOPLIST_FILE = PLMenuDemo/Info.plist;
				LD_RUNPATH_SEARCH_PATHS = "$(inherited) @executable_path/Frameworks";
				PRODUCT_BUNDLE_IDENTIFIER = com.storeboot.PLMenuDemo;
				PRODUCT_NAME = "$(TARGET_NAME)";
				SWIFT_VERSION = 3.0;
			};
			name = Debug;
		};
		CD8C3D121CBD3B24000D394F /* Release */ = {
			isa = XCBuildConfiguration;
			buildSettings = {
				ALWAYS_EMBED_SWIFT_STANDARD_LIBRARIES = YES;
				ASSETCATALOG_COMPILER_APPICON_NAME = "App Icon & Top Shelf Image";
				ASSETCATALOG_COMPILER_LAUNCHIMAGE_NAME = LaunchImage;
				INFOPLIST_FILE = PLMenuDemo/Info.plist;
				LD_RUNPATH_SEARCH_PATHS = "$(inherited) @executable_path/Frameworks";
				PRODUCT_BUNDLE_IDENTIFIER = com.storeboot.PLMenuDemo;
				PRODUCT_NAME = "$(TARGET_NAME)";
				SWIFT_VERSION = 3.0;
			};
			name = Release;
		};
/* End XCBuildConfiguration section */

/* Begin XCConfigurationList section */
		CD8C3CE01CBD39FB000D394F /* Build configuration list for PBXProject "PLMenuBar" */ = {
			isa = XCConfigurationList;
			buildConfigurations = (
				CD8C3CF81CBD39FB000D394F /* Debug */,
				CD8C3CF91CBD39FB000D394F /* Release */,
			);
			defaultConfigurationIsVisible = 0;
			defaultConfigurationName = Release;
		};
		CD8C3CFA1CBD39FB000D394F /* Build configuration list for PBXNativeTarget "PLMenuBar" */ = {
			isa = XCConfigurationList;
			buildConfigurations = (
				CD8C3CFB1CBD39FB000D394F /* Debug */,
				CD8C3CFC1CBD39FB000D394F /* Release */,
			);
			defaultConfigurationIsVisible = 0;
			defaultConfigurationName = Release;
		};
		CD8C3CFD1CBD39FB000D394F /* Build configuration list for PBXNativeTarget "PLMenuBarTests" */ = {
			isa = XCConfigurationList;
			buildConfigurations = (
				CD8C3CFE1CBD39FB000D394F /* Debug */,
				CD8C3CFF1CBD39FB000D394F /* Release */,
			);
			defaultConfigurationIsVisible = 0;
			defaultConfigurationName = Release;
		};
		CD8C3D101CBD3B24000D394F /* Build configuration list for PBXNativeTarget "PLMenuDemo" */ = {
			isa = XCConfigurationList;
			buildConfigurations = (
				CD8C3D111CBD3B24000D394F /* Debug */,
				CD8C3D121CBD3B24000D394F /* Release */,
			);
			defaultConfigurationIsVisible = 0;
			defaultConfigurationName = Release;
		};
/* End XCConfigurationList section */
	};
	rootObject = CD8C3CDD1CBD39FB000D394F /* Project object */;
}
